
Microsoft Visual Studio Solution File, Format Version 12.00
# Visual Studio Version 17
VisualStudioVersion = 17.7.34221.43
MinimumVisualStudioVersion = 10.0.40219.1
Project("{FAE04EC0-301F-11D3-BF4B-00C04F79EFBC}") = "RealAlgebra", "RealAlgebra\RealAlgebra.csproj", "{1E240FE0-EB33-478D-8044-15A5E684CE46}"
EndProject
Global
	GlobalSection(SolutionConfigurationPlatforms) = preSolution
		Debug|Any CPU = Debug|Any CPU
		Release|Any CPU = Release|Any CPU
	EndGlobalSection
	GlobalSection(ProjectConfigurationPlatforms) = postSolution
		{1E240FE0-EB33-478D-8044-15A5E684CE46}.Debug|Any CPU.ActiveCfg = Debug|Any CPU
		{1E240FE0-EB33-478D-8044-15A5E684CE46}.Debug|Any CPU.Build.0 = Debug|Any CPU
		{1E240FE0-EB33-478D-8044-15A5E684CE46}.Release|Any CPU.ActiveCfg = Release|Any CPU
		{1E240FE0-EB33-478D-8044-15A5E684CE46}.Release|Any CPU.Build.0 = Release|Any CPU
	EndGlobalSection
	GlobalSection(SolutionProperties) = preSolution
		HideSolutionNode = FALSE
	EndGlobalSection
	GlobalSection(ExtensibilityGlobals) = postSolution
		SolutionGuid = {1E531225-4CBF-4054-9B4C-2E34EB12BD04}
	EndGlobalSection
EndGlobal
